
Microsoft Visual Studio Solution File, Format Version 9.00
# Visual Studio 2005
Project("{FAE04EC0-301F-11D3-BF4B-00C04F79EFBC}") = "WidgetTest", "WidgetTest\WidgetTest.csproj", "{78EDBE79-0A71-4B63-9D03-230762DA5E44}"
EndProject
Project("{FAE04EC0-301F-11D3-BF4B-00C04F79EFBC}") = "Solvek.Gears.Tests", "Solvek.Gears.Tests\Solvek.Gears.Tests.csproj", "{B7229CFB-4685-4B82-A361-0BF311F884D2}"
EndProject
Project("{2150E333-8FDC-42A3-9474-1A3956D46DE8}") = "Solution Items", "Solution Items", "{19F6EECE-29F5-4A2F-A0BC-0D616B096C60}"
	ProjectSection(SolutionItems) = preProject
		localtestrun.testrunconfig = localtestrun.testrunconfig
		Solvek.Offliner.vsmdi = Solvek.Offliner.vsmdi
	EndProjectSection
EndProject
Project("{FAE04EC0-301F-11D3-BF4B-00C04F79EFBC}") = "Solvek.Gears.App", "Solvek.Gears.App\Solvek.Gears.App.csproj", "{9A893B14-9BD6-4343-B366-A83E2FDC9872}"
EndProject
Project("{FAE04EC0-301F-11D3-BF4B-00C04F79EFBC}") = "Solvek.Gears.Engine", "Solvek.Gears.Engine\Solvek.Gears.Engine.csproj", "{FCB3E08F-8BBE-4ACC-BC8C-1C3040372C9A}"
EndProject
Project("{2150E333-8FDC-42A3-9474-1A3956D46DE8}") = "Tests", "Tests", "{9C99DAE9-A708-4158-B7EF-C4316BDEAEAF}"
EndProject
Project("{2150E333-8FDC-42A3-9474-1A3956D46DE8}") = "TestingApp", "TestingApp", "{1D49217E-7BAA-4CC4-B253-33D641338801}"
EndProject
Project("{2150E333-8FDC-42A3-9474-1A3956D46DE8}") = "Setup", "Setup", "{803DBD1B-981D-4126-9F4B-B83DE0B90BF4}"
EndProject
Project("{B900F1C2-3D47-4FEC-85B3-04AAF18C3634}") = "Install_ua", "Install_ua\Install_ua.vddproj", "{1D3548D7-285E-4451-A04A-F462773A60B3}"
EndProject
Global
	GlobalSection(TestCaseManagementSettings) = postSolution
		CategoryFile = Solvek.Offliner.vsmdi
	EndGlobalSection
	GlobalSection(SolutionConfigurationPlatforms) = preSolution
		Debug|Any CPU = Debug|Any CPU
		Release|Any CPU = Release|Any CPU
	EndGlobalSection
	GlobalSection(ProjectConfigurationPlatforms) = postSolution
		{78EDBE79-0A71-4B63-9D03-230762DA5E44}.Debug|Any CPU.ActiveCfg = Debug|Any CPU
		{78EDBE79-0A71-4B63-9D03-230762DA5E44}.Debug|Any CPU.Build.0 = Debug|Any CPU
		{78EDBE79-0A71-4B63-9D03-230762DA5E44}.Release|Any CPU.ActiveCfg = Release|Any CPU
		{78EDBE79-0A71-4B63-9D03-230762DA5E44}.Release|Any CPU.Build.0 = Release|Any CPU
		{B7229CFB-4685-4B82-A361-0BF311F884D2}.Debug|Any CPU.ActiveCfg = Debug|Any CPU
		{B7229CFB-4685-4B82-A361-0BF311F884D2}.Debug|Any CPU.Build.0 = Debug|Any CPU
		{B7229CFB-4685-4B82-A361-0BF311F884D2}.Release|Any CPU.ActiveCfg = Release|Any CPU
		{B7229CFB-4685-4B82-A361-0BF311F884D2}.Release|Any CPU.Build.0 = Release|Any CPU
		{9A893B14-9BD6-4343-B366-A83E2FDC9872}.Debug|Any CPU.ActiveCfg = Debug|Any CPU
		{9A893B14-9BD6-4343-B366-A83E2FDC9872}.Debug|Any CPU.Build.0 = Debug|Any CPU
		{9A893B14-9BD6-4343-B366-A83E2FDC9872}.Debug|Any CPU.Deploy.0 = Debug|Any CPU
		{9A893B14-9BD6-4343-B366-A83E2FDC9872}.Release|Any CPU.ActiveCfg = Release|Any CPU
		{9A893B14-9BD6-4343-B366-A83E2FDC9872}.Release|Any CPU.Build.0 = Release|Any CPU
		{9A893B14-9BD6-4343-B366-A83E2FDC9872}.Release|Any CPU.Deploy.0 = Release|Any CPU
		{FCB3E08F-8BBE-4ACC-BC8C-1C3040372C9A}.Debug|Any CPU.ActiveCfg = Debug|Any CPU
		{FCB3E08F-8BBE-4ACC-BC8C-1C3040372C9A}.Debug|Any CPU.Build.0 = Debug|Any CPU
		{FCB3E08F-8BBE-4ACC-BC8C-1C3040372C9A}.Release|Any CPU.ActiveCfg = Release|Any CPU
		{FCB3E08F-8BBE-4ACC-BC8C-1C3040372C9A}.Release|Any CPU.Build.0 = Release|Any CPU
		{1D3548D7-285E-4451-A04A-F462773A60B3}.Debug|Any CPU.ActiveCfg = Debug
		{1D3548D7-285E-4451-A04A-F462773A60B3}.Release|Any CPU.ActiveCfg = Release
	EndGlobalSection
	GlobalSection(SolutionProperties) = preSolution
		HideSolutionNode = FALSE
	EndGlobalSection
	GlobalSection(NestedProjects) = preSolution
		{78EDBE79-0A71-4B63-9D03-230762DA5E44} = {1D49217E-7BAA-4CC4-B253-33D641338801}
		{B7229CFB-4685-4B82-A361-0BF311F884D2} = {9C99DAE9-A708-4158-B7EF-C4316BDEAEAF}
		{1D3548D7-285E-4451-A04A-F462773A60B3} = {803DBD1B-981D-4126-9F4B-B83DE0B90BF4}
	EndGlobalSection
EndGlobal
